
Microsoft Visual Studio Solution File, Format Version 12.00
# Visual Studio 2012
Project("{FAE04EC0-301F-11D3-BF4B-00C04F79EFBC}") = "githubtest", "githubtest\githubtest.csproj", "{C1014C46-E9E7-418B-8122-EBBC8E7668DD}"
EndProject
Global
	GlobalSection(SolutionConfigurationPlatforms) = preSolution
		Debug|Any CPU = Debug|Any CPU
		Release|Any CPU = Release|Any CPU
	EndGlobalSection
	GlobalSection(ProjectConfigurationPlatforms) = postSolution
		{C1014C46-E9E7-418B-8122-EBBC8E7668DD}.Debug|Any CPU.ActiveCfg = Debug|Any CPU
		{C1014C46-E9E7-418B-8122-EBBC8E7668DD}.Debug|Any CPU.Build.0 = Debug|Any CPU
		{C1014C46-E9E7-418B-8122-EBBC8E7668DD}.Release|Any CPU.ActiveCfg = Release|Any CPU
		{C1014C46-E9E7-418B-8122-EBBC8E7668DD}.Release|Any CPU.Build.0 = Release|Any CPU
	EndGlobalSection
EndGlobal
